<Solution>
  <Folder Name="/Solution Items/">
    <File Path="IncrementVersion.ps1" />
    <File Path="pack-and-push.ps1" />
    <File Path="props.xml" />
  </Folder>
  <Project Path="Polareum.Api.Abstractions/Polareum.Api.Abstractions.csproj" />
  <Project Path="Polareum.Api/Polareum.Api.csproj" />
</Solution>
